Microsoft Visual Studio Solution File, Format Version 11.00
# Visual Studio 2010
Project("{FAE04EC0-301F-11D3-BF4B-00C04F79EFBC}") = "WeChatPlus.Core", "WeChatPlus.Core\WeChatPlus.Core.csproj", "{8C7C0BB8-869D-4C0E-A1CE-5D18BA752B77}"
EndProject
Project("{FAE04EC0-301F-11D3-BF4B-00C04F79EFBC}") = "WeChatPlus.OpenHelper", "WeChatPlus.OpenHelper\WeChatPlus.OpenHelper.csproj", "{3A10F096-7B91-4096-9458-C85CE4F8FD15}"
EndProject
Project("{FAE04EC0-301F-11D3-BF4B-00C04F79EFBC}") = "WeChatPlus.Shell", "WeChatPlus.Shell\WeChatPlus.Shell.csproj", "{5B018C9E-554C-4BE5-B0E2-817D7E1D78FA}"
	ProjectSection(ProjectDependencies) = postProject
		{6DBA9548-91D0-4AF5-8CCB-E59913388815} = {6DBA9548-91D0-4AF5-8CCB-E59913388815}
	EndProjectSection
EndProject
Project("{FAE04EC0-301F-11D3-BF4B-00C04F79EFBC}") = "WeChatPlus.Tests", "WeChatPlus.Tests\WeChatPlus.Tests.csproj", "{2F6F0D32-A1F4-45E9-88E7-B461CB7A54C3}"
EndProject
Project("{FAE04EC0-301F-11D3-BF4B-00C04F79EFBC}") = "WeChatPlus.Uninstall", "WeChatPlus.Uninstall\WeChatPlus.Uninstall.csproj", "{6DBA9548-91D0-4AF5-8CCB-E59913388815}"
EndProject
Global
	GlobalSection(SolutionConfigurationPlatforms) = preSolution
		Debug|Any CPU = Debug|Any CPU
		Release|Any CPU = Release|Any CPU
	EndGlobalSection
	GlobalSection(ProjectConfigurationPlatforms) = postSolution
		{8C7C0BB8-869D-4C0E-A1CE-5D18BA752B77}.Debug|Any CPU.ActiveCfg = Debug|Any CPU
		{8C7C0BB8-869D-4C0E-A1CE-5D18BA752B77}.Debug|Any CPU.Build.0 = Debug|Any CPU
		{8C7C0BB8-869D-4C0E-A1CE-5D18BA752B77}.Release|Any CPU.ActiveCfg = Release|Any CPU
		{8C7C0BB8-869D-4C0E-A1CE-5D18BA752B77}.Release|Any CPU.Build.0 = Release|Any CPU
		{3A10F096-7B91-4096-9458-C85CE4F8FD15}.Debug|Any CPU.ActiveCfg = Debug|Any CPU
		{3A10F096-7B91-4096-9458-C85CE4F8FD15}.Debug|Any CPU.Build.0 = Debug|Any CPU
		{3A10F096-7B91-4096-9458-C85CE4F8FD15}.Release|Any CPU.ActiveCfg = Release|Any CPU
		{3A10F096-7B91-4096-9458-C85CE4F8FD15}.Release|Any CPU.Build.0 = Release|Any CPU
		{5B018C9E-554C-4BE5-B0E2-817D7E1D78FA}.Debug|Any CPU.ActiveCfg = Debug|Any CPU
		{5B018C9E-554C-4BE5-B0E2-817D7E1D78FA}.Debug|Any CPU.Build.0 = Debug|Any CPU
		{5B018C9E-554C-4BE5-B0E2-817D7E1D78FA}.Release|Any CPU.ActiveCfg = Release|Any CPU
		{5B018C9E-554C-4BE5-B0E2-817D7E1D78FA}.Release|Any CPU.Build.0 = Release|Any CPU
		{2F6F0D32-A1F4-45E9-88E7-B461CB7A54C3}.Debug|Any CPU.ActiveCfg = Debug|Any CPU
		{2F6F0D32-A1F4-45E9-88E7-B461CB7A54C3}.Debug|Any CPU.Build.0 = Debug|Any CPU
		{2F6F0D32-A1F4-45E9-88E7-B461CB7A54C3}.Release|Any CPU.ActiveCfg = Release|Any CPU
		{2F6F0D32-A1F4-45E9-88E7-B461CB7A54C3}.Release|Any CPU.Build.0 = Release|Any CPU
		{6DBA9548-91D0-4AF5-8CCB-E59913388815}.Debug|Any CPU.ActiveCfg = Debug|Any CPU
		{6DBA9548-91D0-4AF5-8CCB-E59913388815}.Debug|Any CPU.Build.0 = Debug|Any CPU
		{6DBA9548-91D0-4AF5-8CCB-E59913388815}.Release|Any CPU.ActiveCfg = Release|Any CPU
		{6DBA9548-91D0-4AF5-8CCB-E59913388815}.Release|Any CPU.Build.0 = Release|Any CPU
	EndGlobalSection
	GlobalSection(SolutionProperties) = preSolution
		HideSolutionNode = FALSE
	EndGlobalSection
EndGlobal
